PODS:
  - CocoaLumberjack (3.4.1):
    - CocoaLumberjack/Default (= 3.4.1)
    - CocoaLumberjack/Extensions (= 3.4.1)
  - CocoaLumberjack/Default (3.4.1)
  - CocoaLumberjack/Extensions (3.4.1):
    - CocoaLumberjack/Default
  - MPAFNetworking (2.5.4):
    - MPAFNetworking/NSURLConnection (= 2.5.4)
    - MPAFNetworking/NSURLSession (= 2.5.4)
    - MPAFNetworking/Reachability (= 2.5.4)
    - MPAFNetworking/Security (= 2.5.4)
    - MPAFNetworking/Serialization (= 2.5.4)
    - MPAFNetworking/UIKit (= 2.5.4)
  - MPAFNetworking/NSURLConnection (2.5.4):
    - MPAFNetworking/Reachability
    - MPAFNetworking/Security
    - MPAFNetworking/Serialization
  - MPAFNetworking/NSURLSession (2.5.4):
    - MPAFNetworking/Reachability
    - MPAFNetworking/Security
    - MPAFNetworking/Serialization
  - MPAFNetworking/Reachability (2.5.4)
  - MPAFNetworking/Security (2.5.4)
  - MPAFNetworking/Serialization (2.5.4)
  - MPAFNetworking/UIKit (2.5.4):
    - MPAFNetworking/NSURLConnection
    - MPAFNetworking/NSURLSession
  - payworks (2.31.2):
    - payworks/mpos (= 2.31.2)
  - payworks/mpos (2.31.2):
    - payworks/mpos/accessories (= 2.31.2)
    - payworks/mpos/comlinks (= 2.31.2)
    - payworks/mpos/core (= 2.31.2)
  - payworks/mpos/accessories (2.31.2):
    - payworks/mpos/accessories/miura (= 2.31.2)
    - payworks/mpos/accessories/sewoo (= 2.31.2)
    - payworks/mpos/accessories/verifone (= 2.31.2)
    - payworks/mpos/accessories/vipa (= 2.31.2)
  - payworks/mpos/accessories/miura (2.31.2):
    - payworks/mpos/comlinks/externalaccessory
    - payworks/mpos/comlinks/tcp
    - payworks/mpos/core
  - payworks/mpos/accessories/sewoo (2.31.2):
    - payworks/mpos/core
  - payworks/mpos/accessories/verifone (2.31.2):
    - payworks/mpos/comlinks/verifone
    - payworks/mpos/core
  - payworks/mpos/accessories/vipa (2.31.2):
    - payworks/mpos/comlinks/tcp
    - payworks/mpos/core
  - payworks/mpos/comlinks (2.31.2):
    - payworks/mpos/comlinks/externalaccessory (= 2.31.2)
    - payworks/mpos/comlinks/tcp (= 2.31.2)
    - payworks/mpos/comlinks/verifone (= 2.31.2)
  - payworks/mpos/comlinks/externalaccessory (2.31.2):
    - payworks/mpos/core
  - payworks/mpos/comlinks/tcp (2.31.2):
    - payworks/mpos/core
  - payworks/mpos/comlinks/verifone (2.31.2):
    - payworks/mpos/core
  - payworks/mpos/core (2.31.2):
    - CocoaLumberjack (~> 3.2)
    - MPAFNetworking (~> 2.5.4)

DEPENDENCIES:
  - payworks (~> 2.31.2)

SPEC REPOS:
  https://bitbucket.org/mpymnt/io.mpymnt.repo.pods.git:
    - MPAFNetworking
    - payworks
  https://github.com/CocoaPods/Specs.git:
    - CocoaLumberjack

SPEC CHECKSUMS:
  CocoaLumberjack: 2e258a064cacc8eb9a2aca318e24d02a0a7fd56d
  MPAFNetworking: 7a85f28e8af049ff2de164b1f54724e8eebe0aac
  payworks: edba6d9b3f19cd6458a0f0982df49fb0c029e32c

PODFILE CHECKSUM: bc23a630d59a3173f77f08740184252f0e549495

COCOAPODS: 1.5.0
